
Microsoft Visual Studio Solution File, Format Version 12.00
# Visual Studio Version 17
VisualStudioVersion = 17.9.34607.119
MinimumVisualStudioVersion = 10.0.40219.1
Project("{FAE04EC0-301F-11D3-BF4B-00C04F79EFBC}") = "EstagioRP2024", "EstagioRP2024\EstagioRP2024.csproj", "{60411F76-9A82-4007-ABC2-BD75CF925507}"
EndProject
Global
	GlobalSection(SolutionConfigurationPlatforms) = preSolution
		Debug|Any CPU = Debug|Any CPU
		Release|Any CPU = Release|Any CPU
	EndGlobalSection
	GlobalSection(ProjectConfigurationPlatforms) = postSolution
		{60411F76-9A82-4007-ABC2-BD75CF925507}.Debug|Any CPU.ActiveCfg = Debug|Any CPU
		{60411F76-9A82-4007-ABC2-BD75CF925507}.Debug|Any CPU.Build.0 = Debug|Any CPU
		{60411F76-9A82-4007-ABC2-BD75CF925507}.Release|Any CPU.ActiveCfg = Release|Any CPU
		{60411F76-9A82-4007-ABC2-BD75CF925507}.Release|Any CPU.Build.0 = Release|Any CPU
	EndGlobalSection
	GlobalSection(SolutionProperties) = preSolution
		HideSolutionNode = FALSE
	EndGlobalSection
	GlobalSection(ExtensibilityGlobals) = postSolution
		SolutionGuid = {C5C1CB6F-718B-41BB-B42F-A5F71353B4AD}
	EndGlobalSection
EndGlobal
